Microsoft Visual Studio Solution File, Format Version 12.00
# Visual Studio Version 17
VisualStudioVersion = 17.14.37216.2
MinimumVisualStudioVersion = 10.0.40219.1
Project("{FAE04EC0-301F-11D3-BF4B-00C04F79EFBC}") = "gironWin", "src\gironWin\gironWin.csproj", "{4B8281D1-1400-25FF-183A-4FA239C54AC8}"
EndProject
Project("{2150E333-8FDC-42A3-9474-1A3956D46DE8}") = "src", "src", "{827E0CD3-B72D-47B6-A68D-7590B98EB39B}"
EndProject
Project("{FAE04EC0-301F-11D3-BF4B-00C04F79EFBC}") = "gironWin.Shared", "src\gironWin.Shared\gironWin.Shared.csproj", "{1D7C4DEF-64B9-4A1C-A5F3-1EBB5D12F87F}"
EndProject
Project("{FAE04EC0-301F-11D3-BF4B-00C04F79EFBC}") = "gironWin.LogReader", "src\gironWin.LogReader\gironWin.LogReader.csproj", "{E1EFAFDC-0CB4-484A-B5D2-57312E8F4342}"
EndProject
Global
	GlobalSection(SolutionConfigurationPlatforms) = preSolution
		Debug|Any CPU = Debug|Any CPU
		Debug|x64 = Debug|x64
		Debug|x86 = Debug|x86
		Release|Any CPU = Release|Any CPU
		Release|x64 = Release|x64
		Release|x86 = Release|x86
	EndGlobalSection
	GlobalSection(ProjectConfigurationPlatforms) = postSolution
		{4B8281D1-1400-25FF-183A-4FA239C54AC8}.Debug|Any CPU.ActiveCfg = Debug|Any CPU
		{4B8281D1-1400-25FF-183A-4FA239C54AC8}.Debug|Any CPU.Build.0 = Debug|Any CPU
		{4B8281D1-1400-25FF-183A-4FA239C54AC8}.Debug|x64.ActiveCfg = Debug|Any CPU
		{4B8281D1-1400-25FF-183A-4FA239C54AC8}.Debug|x64.Build.0 = Debug|Any CPU
		{4B8281D1-1400-25FF-183A-4FA239C54AC8}.Debug|x86.ActiveCfg = Debug|Any CPU
		{4B8281D1-1400-25FF-183A-4FA239C54AC8}.Debug|x86.Build.0 = Debug|Any CPU
		{4B8281D1-1400-25FF-183A-4FA239C54AC8}.Release|Any CPU.ActiveCfg = Release|Any CPU
		{4B8281D1-1400-25FF-183A-4FA239C54AC8}.Release|Any CPU.Build.0 = Release|Any CPU
		{4B8281D1-1400-25FF-183A-4FA239C54AC8}.Release|x64.ActiveCfg = Release|Any CPU
		{4B8281D1-1400-25FF-183A-4FA239C54AC8}.Release|x64.Build.0 = Release|Any CPU
		{4B8281D1-1400-25FF-183A-4FA239C54AC8}.Release|x86.ActiveCfg = Release|Any CPU
		{4B8281D1-1400-25FF-183A-4FA239C54AC8}.Release|x86.Build.0 = Release|Any CPU
		{1D7C4DEF-64B9-4A1C-A5F3-1EBB5D12F87F}.Debug|Any CPU.ActiveCfg = Debug|Any CPU
		{1D7C4DEF-64B9-4A1C-A5F3-1EBB5D12F87F}.Debug|Any CPU.Build.0 = Debug|Any CPU
		{1D7C4DEF-64B9-4A1C-A5F3-1EBB5D12F87F}.Debug|x64.ActiveCfg = Debug|Any CPU
		{1D7C4DEF-64B9-4A1C-A5F3-1EBB5D12F87F}.Debug|x64.Build.0 = Debug|Any CPU
		{1D7C4DEF-64B9-4A1C-A5F3-1EBB5D12F87F}.Debug|x86.ActiveCfg = Debug|Any CPU
		{1D7C4DEF-64B9-4A1C-A5F3-1EBB5D12F87F}.Debug|x86.Build.0 = Debug|Any CPU
		{1D7C4DEF-64B9-4A1C-A5F3-1EBB5D12F87F}.Release|Any CPU.ActiveCfg = Release|Any CPU
		{1D7C4DEF-64B9-4A1C-A5F3-1EBB5D12F87F}.Release|Any CPU.Build.0 = Release|Any CPU
		{1D7C4DEF-64B9-4A1C-A5F3-1EBB5D12F87F}.Release|x64.ActiveCfg = Release|Any CPU
		{1D7C4DEF-64B9-4A1C-A5F3-1EBB5D12F87F}.Release|x64.Build.0 = Release|Any CPU
		{1D7C4DEF-64B9-4A1C-A5F3-1EBB5D12F87F}.Release|x86.ActiveCfg = Release|Any CPU
		{1D7C4DEF-64B9-4A1C-A5F3-1EBB5D12F87F}.Release|x86.Build.0 = Release|Any CPU
		{E1EFAFDC-0CB4-484A-B5D2-57312E8F4342}.Debug|Any CPU.ActiveCfg = Debug|x64
		{E1EFAFDC-0CB4-484A-B5D2-57312E8F4342}.Debug|Any CPU.Build.0 = Debug|x64
		{E1EFAFDC-0CB4-484A-B5D2-57312E8F4342}.Debug|x64.ActiveCfg = Debug|x64
		{E1EFAFDC-0CB4-484A-B5D2-57312E8F4342}.Debug|x64.Build.0 = Debug|x64
		{E1EFAFDC-0CB4-484A-B5D2-57312E8F4342}.Debug|x86.ActiveCfg = Debug|x86
		{E1EFAFDC-0CB4-484A-B5D2-57312E8F4342}.Debug|x86.Build.0 = Debug|x86
		{E1EFAFDC-0CB4-484A-B5D2-57312E8F4342}.Release|Any CPU.ActiveCfg = Release|x64
		{E1EFAFDC-0CB4-484A-B5D2-57312E8F4342}.Release|Any CPU.Build.0 = Release|x64
		{E1EFAFDC-0CB4-484A-B5D2-57312E8F4342}.Release|x64.ActiveCfg = Release|x64
		{E1EFAFDC-0CB4-484A-B5D2-57312E8F4342}.Release|x64.Build.0 = Release|x64
		{E1EFAFDC-0CB4-484A-B5D2-57312E8F4342}.Release|x86.ActiveCfg = Release|x86
		{E1EFAFDC-0CB4-484A-B5D2-57312E8F4342}.Release|x86.Build.0 = Release|x86
	EndGlobalSection
	GlobalSection(SolutionProperties) = preSolution
		HideSolutionNode = FALSE
	EndGlobalSection
	GlobalSection(NestedProjects) = preSolution
		{1D7C4DEF-64B9-4A1C-A5F3-1EBB5D12F87F} = {827E0CD3-B72D-47B6-A68D-7590B98EB39B}
		{E1EFAFDC-0CB4-484A-B5D2-57312E8F4342} = {827E0CD3-B72D-47B6-A68D-7590B98EB39B}
		{4B8281D1-1400-25FF-183A-4FA239C54AC8} = {827E0CD3-B72D-47B6-A68D-7590B98EB39B}
	EndGlobalSection
EndGlobal
