
Microsoft Visual Studio Solution File, Format Version 12.00
# Visual Studio Version 17
VisualStudioVersion = 17.14.37216.2 d17.14
MinimumVisualStudioVersion = 10.0.40219.1
Project("{FAE04EC0-301F-11D3-BF4B-00C04F79EFBC}") = "gironWin", "gironWin\gironWin.csproj", "{6CEC649F-0495-4A6A-84B4-8D9364CC0390}"
EndProject
Global
	GlobalSection(SolutionConfigurationPlatforms) = preSolution
		Debug|Any CPU = Debug|Any CPU
		Release|Any CPU = Release|Any CPU
	EndGlobalSection
	GlobalSection(ProjectConfigurationPlatforms) = postSolution
		{6CEC649F-0495-4A6A-84B4-8D9364CC0390}.Debug|Any CPU.ActiveCfg = Debug|Any CPU
		{6CEC649F-0495-4A6A-84B4-8D9364CC0390}.Debug|Any CPU.Build.0 = Debug|Any CPU
		{6CEC649F-0495-4A6A-84B4-8D9364CC0390}.Release|Any CPU.ActiveCfg = Release|Any CPU
		{6CEC649F-0495-4A6A-84B4-8D9364CC0390}.Release|Any CPU.Build.0 = Release|Any CPU
	EndGlobalSection
	GlobalSection(SolutionProperties) = preSolution
		HideSolutionNode = FALSE
	EndGlobalSection
	GlobalSection(ExtensibilityGlobals) = postSolution
		SolutionGuid = {0B15584B-77D1-4AB8-8A4E-5577F01C2CF9}
	EndGlobalSection
EndGlobal
